// !$*UTF8*$!
{
	archiveVersion = 1;
	classes = {
	};
	objectVersion = 46;
	objects = {

/* Begin PBXBuildFile section */
		DD70A34015FD619600262D7D /* UIKit.framework in Frameworks */ = {isa = PBXBuildFile; fileRef = DD70A33F15FD619600262D7D /* UIKit.framework */; };
		DD70A34215FD619600262D7D /* Foundation.framework in Frameworks */ = {isa = PBXBuildFile; fileRef = DD70A34115FD619600262D7D /* Foundation.framework */; };
		DD70A34415FD619600262D7D /* CoreGraphics.framework in Frameworks */ = {isa = PBXBuildFile; fileRef = DD70A34315FD619600262D7D /* CoreGraphics.framework */; };
		DD70A34A15FD619600262D7D /* InfoPlist.strings in Resources */ = {isa = PBXBuildFile; fileRef = DD70A34815FD619600262D7D /* InfoPlist.strings */; };
		DD70A34C15FD619600262D7D /* main.m in Sources */ = {isa = PBXBuildFile; fileRef = DD70A34B15FD619600262D7D /* main.m */; };
		DD70A35015FD619600262D7D /* AppDelegate.m in Sources */ = {isa = PBXBuildFile; fileRef = DD70A34F15FD619600262D7D /* AppDelegate.m */; };
		DD70A35315FD619600262D7D /* MainStoryboard.storyboard in Resources */ = {isa = PBXBuildFile; fileRef = DD70A35115FD619600262D7D /* MainStoryboard.storyboard */; };
		DD70A35615FD619600262D7D /* ViewController.m in Sources */ = {isa = PBXBuildFile; fileRef = DD70A35515FD619600262D7D /* ViewController.m */; };
/* End PBXBuildFile section */

/* Begin PBXFileReference section */
		DD70A33B15FD619600262D7D /* OlaStoryboard.app */ = {isa = PBXFileReference; explicitFileType = wrapper.application; includeInIndex = 0; path = OlaStoryboard.app; sourceTree = BUILT_PRODUCTS_DIR; };
		DD70A33F15FD619600262D7D /* UIKit.framework */ = {isa = PBXFileReference; lastKnownFileType = wrapper.framework; name = UIKit.framework; path = System/Library/Frameworks/UIKit.framework; sourceTree = SDKROOT; };
		DD70A34115FD619600262D7D /* Foundation.framework */ = {isa = PBXFileReference; lastKnownFileType = wrapper.framework; name = Foundation.framework; path = System/Library/Frameworks/Foundation.framework; sourceTree = SDKROOT; };
		DD70A34315FD619600262D7D /* CoreGraphics.framework */ = {isa = PBXFileReference; lastKnownFileType = wrapper.framework; name = CoreGraphics.framework; path = System/Library/Frameworks/CoreGraphics.framework; sourceTree = SDKROOT; };
		DD70A34715FD619600262D7D /* OlaStoryboard-Info.plist */ = {isa = PBXFileReference; lastKnownFileType = text.plist.xml; path = "OlaStoryboard-Info.plist"; sourceTree = "<group>"; };
		DD70A34915FD619600262D7D /* en */ = {isa = PBXFileReference; lastKnownFileType = text.plist.strings; name = en; path = en.lproj/InfoPlist.strings; sourceTree = "<group>"; };
		DD70A34B15FD619600262D7D /* main.m */ = {isa = PBXFileReference; lastKnownFileType = sourcecode.c.objc; path = main.m; sourceTree = "<group>"; };
		DD70A34D15FD619600262D7D /* OlaStoryboard-Prefix.pch */ = {isa = PBXFileReference; lastKnownFileType = sourcecode.c.h; path = "OlaStoryboard-Prefix.pch"; sourceTree = "<group>"; };
		DD70A34E15FD619600262D7D /* AppDelegate.h */ = {isa = PBXFileReference; lastKnownFileType = sourcecode.c.h; path = AppDelegate.h; sourceTree = "<group>"; };
		DD70A34F15FD619600262D7D /* AppDelegate.m */ = {isa = PBXFileReference; lastKnownFileType = sourcecode.c.objc; path = AppDelegate.m; sourceTree = "<group>"; };
		DD70A35215FD619600262D7D /* en */ = {isa = PBXFileReference; lastKnownFileType = file.storyboard; name = en; path = en.lproj/MainStoryboard.storyboard; sourceTree = "<group>"; };
		DD70A35415FD619600262D7D /* ViewController.h */ = {isa = PBXFileReference; lastKnownFileType = sourcecode.c.h; path = ViewController.h; sourceTree = "<group>"; };
		DD70A35515FD619600262D7D /* ViewController.m */ = {isa = PBXFileReference; lastKnownFileType = sourcecode.c.objc; path = ViewController.m; sourceTree = "<group>"; };
/* End PBXFileReference section */

/* Begin PBXFrameworksBuildPhase section */
		DD70A33815FD619600262D7D /* Frameworks */ = {
			isa = PBXFrameworksBuildPhase;
			buildActionMask = 2147483647;
			files = (
				DD70A34015FD619600262D7D /* UIKit.framework in Frameworks */,
				DD70A34215FD619600262D7D /* Foundation.framework in Frameworks */,
				DD70A34415FD619600262D7D /* CoreGraphics.framework in Frameworks */,
			);
			runOnlyForDeploymentPostprocessing = 0;
		};
/* End PBXFrameworksBuildPhase section */

/* Begin PBXGroup section */
		DD70A33015FD619600262D7D = {
			isa = PBXGroup;
			children = (
				DD70A34515FD619600262D7D /* OlaStoryboard */,
				DD70A33E15FD619600262D7D /* Frameworks */,
				DD70A33C15FD619600262D7D /* Products */,
			);
			sourceTree = "<group>";
		};
		DD70A33C15FD619600262D7D /* Products */ = {
			isa = PBXGroup;
			children = (
				DD70A33B15FD619600262D7D /* OlaStoryboard.app */,
			);
			name = Products;
			sourceTree = "<group>";
		};
		DD70A33E15FD619600262D7D /* Frameworks */ = {
			isa = PBXGroup;
			children = (
				DD70A33F15FD619600262D7D /* UIKit.framework */,
				DD70A34115FD619600262D7D /* Foundation.framework */,
				DD70A34315FD619600262D7D /* CoreGraphics.framework */,
			);
			name = Frameworks;
			sourceTree = "<group>";
		};
		DD70A34515FD619600262D7D /* OlaStoryboard */ = {
			isa = PBXGroup;
			children = (
				DD70A34E15FD619600262D7D /* AppDelegate.h */,
				DD70A34F15FD619600262D7D /* AppDelegate.m */,
				DD70A35115FD619600262D7D /* MainStoryboard.storyboard */,
				DD70A35415FD619600262D7D /* ViewController.h */,
				DD70A35515FD619600262D7D /* ViewController.m */,
				DD70A34615FD619600262D7D /* Supporting Files */,
			);
			path = OlaStoryboard;
			sourceTree = "<group>";
		};
		DD70A34615FD619600262D7D /* Supporting Files */ = {
			isa = PBXGroup;
			children = (
				DD70A34715FD619600262D7D /* OlaStoryboard-Info.plist */,
				DD70A34815FD619600262D7D /* InfoPlist.strings */,
				DD70A34B15FD619600262D7D /* main.m */,
				DD70A34D15FD619600262D7D /* OlaStoryboard-Prefix.pch */,
			);
			name = "Supporting Files";
			sourceTree = "<group>";
		};
/* End PBXGroup section */

/* Begin PBXNativeTarget section */
		DD70A33A15FD619600262D7D /* OlaStoryboard */ = {
			isa = PBXNativeTarget;
			buildConfigurationList = DD70A35915FD619600262D7D /* Build configuration list for PBXNativeTarget "OlaStoryboard" */;
			buildPhases = (
				DD70A33715FD619600262D7D /* Sources */,
				DD70A33815FD619600262D7D /* Frameworks */,
				DD70A33915FD619600262D7D /* Resources */,
			);
			buildRules = (
			);
			dependencies = (
			);
			name = OlaStoryboard;
			productName = OlaStoryboard;
			productReference = DD70A33B15FD619600262D7D /* OlaStoryboard.app */;
			productType = "com.apple.product-type.application";
		};
/* End PBXNativeTarget section */

/* Begin PBXProject section */
		DD70A33215FD619600262D7D /* Project object */ = {
			isa = PBXProject;
			attributes = {
				LastUpgradeCheck = 0440;
				ORGANIZATIONNAME = "Ricardo Lecheta";
			};
			buildConfigurationList = DD70A33515FD619600262D7D /* Build configuration list for PBXProject "OlaStoryboard" */;
			compatibilityVersion = "Xcode 3.2";
			developmentRegion = English;
			hasScannedForEncodings = 0;
			knownRegions = (
				en,
			);
			mainGroup = DD70A33015FD619600262D7D;
			productRefGroup = DD70A33C15FD619600262D7D /* Products */;
			projectDirPath = "";
			projectRoot = "";
			targets = (
				DD70A33A15FD619600262D7D /* OlaStoryboard */,
			);
		};
/* End PBXProject section */

/* Begin PBXResourcesBuildPhase section */
		DD70A33915FD619600262D7D /* Resources */ = {
			isa = PBXResourcesBuildPhase;
			buildActionMask = 2147483647;
			files = (
				DD70A34A15FD619600262D7D /* InfoPlist.strings in Resources */,
				DD70A35315FD619600262D7D /* MainStoryboard.storyboard in Resources */,
			);
			runOnlyForDeploymentPostprocessing = 0;
		};
/* End PBXResourcesBuildPhase section */

/* Begin PBXSourcesBuildPhase section */
		DD70A33715FD619600262D7D /* Sources */ = {
			isa = PBXSourcesBuildPhase;
			buildActionMask = 2147483647;
			files = (
				DD70A34C15FD619600262D7D /* main.m in Sources */,
				DD70A35015FD619600262D7D /* AppDelegate.m in Sources */,
				DD70A35615FD619600262D7D /* ViewController.m in Sources */,
			);
			runOnlyForDeploymentPostprocessing = 0;
		};
/* End PBXSourcesBuildPhase section */

/* Begin PBXVariantGroup section */
		DD70A34815FD619600262D7D /* InfoPlist.strings */ = {
			isa = PBXVariantGroup;
			children = (
				DD70A34915FD619600262D7D /* en */,
			);
			name = InfoPlist.strings;
			sourceTree = "<group>";
		};
		DD70A35115FD619600262D7D /* MainStoryboard.storyboard */ = {
			isa = PBXVariantGroup;
			children = (
				DD70A35215FD619600262D7D /* en */,
			);
			name = MainStoryboard.storyboard;
			sourceTree = "<group>";
		};
/* End PBXVariantGroup section */

/* Begin XCBuildConfiguration section */
		DD70A35715FD619600262D7D /* Debug */ = {
			isa = XCBuildConfiguration;
			buildSettings = {
				ALWAYS_SEARCH_USER_PATHS = NO;
				ARCHS = "$(ARCHS_STANDARD_32_BIT)";
				CLANG_CXX_LANGUAGE_STANDARD = "gnu++0x";
				CLANG_WARN__DUPLICATE_METHOD_MATCH = YES;
				"CODE_SIGN_IDENTITY[sdk=iphoneos*]" = "iPhone Developer";
				COPY_PHASE_STRIP = NO;
				GCC_C_LANGUAGE_STANDARD = gnu99;
				GCC_DYNAMIC_NO_PIC = NO;
				GCC_OPTIMIZATION_LEVEL = 0;
				GCC_PREPROCESSOR_DEFINITIONS = (
					"DEBUG=1",
					"$(inherited)",
				);
				GCC_SYMBOLS_PRIVATE_EXTERN = NO;
				GCC_VERSION = com.apple.compilers.llvm.clang.1_0;
				GCC_WARN_ABOUT_RETURN_TYPE = YES;
				GCC_WARN_UNINITIALIZED_AUTOS = YES;
				GCC_WARN_UNUSED_VARIABLE = YES;
				IPHONEOS_DEPLOYMENT_TARGET = 5.1;
				SDKROOT = iphoneos;
			};
			name = Debug;
		};
		DD70A35815FD619600262D7D /* Release */ = {
			isa = XCBuildConfiguration;
			buildSettings = {
				ALWAYS_SEARCH_USER_PATHS = NO;
				ARCHS = "$(ARCHS_STANDARD_32_BIT)";
				CLANG_CXX_LANGUAGE_STANDARD = "gnu++0x";
				CLANG_WARN__DUPLICATE_METHOD_MATCH = YES;
				"CODE_SIGN_IDENTITY[sdk=iphoneos*]" = "iPhone Developer";
				COPY_PHASE_STRIP = YES;
				GCC_C_LANGUAGE_STANDARD = gnu99;
				GCC_VERSION = com.apple.compilers.llvm.clang.1_0;
				GCC_WARN_ABOUT_RETURN_TYPE = YES;
				GCC_WARN_UNINITIALIZED_AUTOS = YES;
				GCC_WARN_UNUSED_VARIABLE = YES;
				IPHONEOS_DEPLOYMENT_TARGET = 5.1;
				OTHER_CFLAGS = "-DNS_BLOCK_ASSERTIONS=1";
				SDKROOT = iphoneos;
				VALIDATE_PRODUCT = YES;
			};
			name = Release;
		};
		DD70A35A15FD619600262D7D /* Debug */ = {
			isa = XCBuildConfiguration;
			buildSettings = {
				GCC_PRECOMPILE_PREFIX_HEADER = YES;
				GCC_PREFIX_HEADER = "OlaStoryboard/OlaStoryboard-Prefix.pch";
				INFOPLIST_FILE = "OlaStoryboard/OlaStoryboard-Info.plist";
				PRODUCT_NAME = "$(TARGET_NAME)";
				WRAPPER_EXTENSION = app;
			};
			name = Debug;
		};
		DD70A35B15FD619600262D7D /* Release */ = {
			isa = XCBuildConfiguration;
			buildSettings = {
				GCC_PRECOMPILE_PREFIX_HEADER = YES;
				GCC_PREFIX_HEADER = "OlaStoryboard/OlaStoryboard-Prefix.pch";
				INFOPLIST_FILE = "OlaStoryboard/OlaStoryboard-Info.plist";
				PRODUCT_NAME = "$(TARGET_NAME)";
				WRAPPER_EXTENSION = app;
			};
			name = Release;
		};
/* End XCBuildConfiguration section */

/* Begin XCConfigurationList section */
		DD70A33515FD619600262D7D /* Build configuration list for PBXProject "OlaStoryboard" */ = {
			isa = XCConfigurationList;
			buildConfigurations = (
				DD70A35715FD619600262D7D /* Debug */,
				DD70A35815FD619600262D7D /* Release */,
			);
			defaultConfigurationIsVisible = 0;
			defaultConfigurationName = Release;
		};
		DD70A35915FD619600262D7D /* Build configuration list for PBXNativeTarget "OlaStoryboard" */ = {
			isa = XCConfigurationList;
			buildConfigurations = (
				DD70A35A15FD619600262D7D /* Debug */,
				DD70A35B15FD619600262D7D /* Release */,
			);
			defaultConfigurationIsVisible = 0;
		};
/* End XCConfigurationList section */
	};
	rootObject = DD70A33215FD619600262D7D /* Project object */;
}
