// !$*UTF8*$!
{
	archiveVersion = 1;
	classes = {
	};
	objectVersion = 46;
	objects = {

/* Begin PBXBuildFile section */
		DD66765F161BC9E400C73778 /* UIKit.framework in Frameworks */ = {isa = PBXBuildFile; fileRef = DD66765E161BC9E400C73778 /* UIKit.framework */; };
		DD667661161BC9E400C73778 /* Foundation.framework in Frameworks */ = {isa = PBXBuildFile; fileRef = DD667660161BC9E400C73778 /* Foundation.framework */; };
		DD667663161BC9E400C73778 /* CoreGraphics.framework in Frameworks */ = {isa = PBXBuildFile; fileRef = DD667662161BC9E400C73778 /* CoreGraphics.framework */; };
		DD667669161BC9E400C73778 /* InfoPlist.strings in Resources */ = {isa = PBXBuildFile; fileRef = DD667667161BC9E400C73778 /* InfoPlist.strings */; };
		DD66766B161BC9E400C73778 /* main.m in Sources */ = {isa = PBXBuildFile; fileRef = DD66766A161BC9E400C73778 /* main.m */; };
		DD66766F161BC9E400C73778 /* AppDelegate.m in Sources */ = {isa = PBXBuildFile; fileRef = DD66766E161BC9E400C73778 /* AppDelegate.m */; };
		DD667671161BC9E400C73778 /* Default.png in Resources */ = {isa = PBXBuildFile; fileRef = DD667670161BC9E400C73778 /* Default.png */; };
		DD667673161BC9E400C73778 /* Default@2x.png in Resources */ = {isa = PBXBuildFile; fileRef = DD667672161BC9E400C73778 /* Default@2x.png */; };
		DD667675161BC9E400C73778 /* Default-568h@2x.png in Resources */ = {isa = PBXBuildFile; fileRef = DD667674161BC9E400C73778 /* Default-568h@2x.png */; };
		DD667678161BC9E400C73778 /* ViewController.m in Sources */ = {isa = PBXBuildFile; fileRef = DD667677161BC9E400C73778 /* ViewController.m */; };
		DD66767B161BC9E400C73778 /* ViewController_iPhone.xib in Resources */ = {isa = PBXBuildFile; fileRef = DD667679161BC9E400C73778 /* ViewController_iPhone.xib */; };
		DD66767E161BC9E400C73778 /* ViewController_iPad.xib in Resources */ = {isa = PBXBuildFile; fileRef = DD66767C161BC9E400C73778 /* ViewController_iPad.xib */; };
/* End PBXBuildFile section */

/* Begin PBXFileReference section */
		DD66765A161BC9E400C73778 /* HelloCamera.app */ = {isa = PBXFileReference; explicitFileType = wrapper.application; includeInIndex = 0; path = HelloCamera.app; sourceTree = BUILT_PRODUCTS_DIR; };
		DD66765E161BC9E400C73778 /* UIKit.framework */ = {isa = PBXFileReference; lastKnownFileType = wrapper.framework; name = UIKit.framework; path = System/Library/Frameworks/UIKit.framework; sourceTree = SDKROOT; };
		DD667660161BC9E400C73778 /* Foundation.framework */ = {isa = PBXFileReference; lastKnownFileType = wrapper.framework; name = Foundation.framework; path = System/Library/Frameworks/Foundation.framework; sourceTree = SDKROOT; };
		DD667662161BC9E400C73778 /* CoreGraphics.framework */ = {isa = PBXFileReference; lastKnownFileType = wrapper.framework; name = CoreGraphics.framework; path = System/Library/Frameworks/CoreGraphics.framework; sourceTree = SDKROOT; };
		DD667666161BC9E400C73778 /* HelloCamera-Info.plist */ = {isa = PBXFileReference; lastKnownFileType = text.plist.xml; path = "HelloCamera-Info.plist"; sourceTree = "<group>"; };
		DD667668161BC9E400C73778 /* en */ = {isa = PBXFileReference; lastKnownFileType = text.plist.strings; name = en; path = en.lproj/InfoPlist.strings; sourceTree = "<group>"; };
		DD66766A161BC9E400C73778 /* main.m */ = {isa = PBXFileReference; lastKnownFileType = sourcecode.c.objc; path = main.m; sourceTree = "<group>"; };
		DD66766C161BC9E400C73778 /* HelloCamera-Prefix.pch */ = {isa = PBXFileReference; lastKnownFileType = sourcecode.c.h; path = "HelloCamera-Prefix.pch"; sourceTree = "<group>"; };
		DD66766D161BC9E400C73778 /* AppDelegate.h */ = {isa = PBXFileReference; lastKnownFileType = sourcecode.c.h; path = AppDelegate.h; sourceTree = "<group>"; };
		DD66766E161BC9E400C73778 /* AppDelegate.m */ = {isa = PBXFileReference; lastKnownFileType = sourcecode.c.objc; path = AppDelegate.m; sourceTree = "<group>"; };
		DD667670161BC9E400C73778 /* Default.png */ = {isa = PBXFileReference; lastKnownFileType = image.png; path = Default.png; sourceTree = "<group>"; };
		DD667672161BC9E400C73778 /* Default@2x.png */ = {isa = PBXFileReference; lastKnownFileType = image.png; path = "Default@2x.png"; sourceTree = "<group>"; };
		DD667674161BC9E400C73778 /* Default-568h@2x.png */ = {isa = PBXFileReference; lastKnownFileType = image.png; path = "Default-568h@2x.png"; sourceTree = "<group>"; };
		DD667676161BC9E400C73778 /* ViewController.h */ = {isa = PBXFileReference; lastKnownFileType = sourcecode.c.h; path = ViewController.h; sourceTree = "<group>"; };
		DD667677161BC9E400C73778 /* ViewController.m */ = {isa = PBXFileReference; lastKnownFileType = sourcecode.c.objc; path = ViewController.m; sourceTree = "<group>"; };
		DD66767A161BC9E400C73778 /* en */ = {isa = PBXFileReference; lastKnownFileType = file.xib; name = en; path = en.lproj/ViewController_iPhone.xib; sourceTree = "<group>"; };
		DD66767D161BC9E400C73778 /* en */ = {isa = PBXFileReference; lastKnownFileType = file.xib; name = en; path = en.lproj/ViewController_iPad.xib; sourceTree = "<group>"; };
/* End PBXFileReference section */

/* Begin PBXFrameworksBuildPhase section */
		DD667657161BC9E400C73778 /* Frameworks */ = {
			isa = PBXFrameworksBuildPhase;
			buildActionMask = 2147483647;
			files = (
				DD66765F161BC9E400C73778 /* UIKit.framework in Frameworks */,
				DD667661161BC9E400C73778 /* Foundation.framework in Frameworks */,
				DD667663161BC9E400C73778 /* CoreGraphics.framework in Frameworks */,
			);
			runOnlyForDeploymentPostprocessing = 0;
		};
/* End PBXFrameworksBuildPhase section */

/* Begin PBXGroup section */
		DD66764F161BC9E400C73778 = {
			isa = PBXGroup;
			children = (
				DD667664161BC9E400C73778 /* HelloCamera */,
				DD66765D161BC9E400C73778 /* Frameworks */,
				DD66765B161BC9E400C73778 /* Products */,
			);
			sourceTree = "<group>";
		};
		DD66765B161BC9E400C73778 /* Products */ = {
			isa = PBXGroup;
			children = (
				DD66765A161BC9E400C73778 /* HelloCamera.app */,
			);
			name = Products;
			sourceTree = "<group>";
		};
		DD66765D161BC9E400C73778 /* Frameworks */ = {
			isa = PBXGroup;
			children = (
				DD66765E161BC9E400C73778 /* UIKit.framework */,
				DD667660161BC9E400C73778 /* Foundation.framework */,
				DD667662161BC9E400C73778 /* CoreGraphics.framework */,
			);
			name = Frameworks;
			sourceTree = "<group>";
		};
		DD667664161BC9E400C73778 /* HelloCamera */ = {
			isa = PBXGroup;
			children = (
				DD66766D161BC9E400C73778 /* AppDelegate.h */,
				DD66766E161BC9E400C73778 /* AppDelegate.m */,
				DD667676161BC9E400C73778 /* ViewController.h */,
				DD667677161BC9E400C73778 /* ViewController.m */,
				DD667679161BC9E400C73778 /* ViewController_iPhone.xib */,
				DD66767C161BC9E400C73778 /* ViewController_iPad.xib */,
				DD667665161BC9E400C73778 /* Supporting Files */,
			);
			path = HelloCamera;
			sourceTree = "<group>";
		};
		DD667665161BC9E400C73778 /* Supporting Files */ = {
			isa = PBXGroup;
			children = (
				DD667666161BC9E400C73778 /* HelloCamera-Info.plist */,
				DD667667161BC9E400C73778 /* InfoPlist.strings */,
				DD66766A161BC9E400C73778 /* main.m */,
				DD66766C161BC9E400C73778 /* HelloCamera-Prefix.pch */,
				DD667670161BC9E400C73778 /* Default.png */,
				DD667672161BC9E400C73778 /* Default@2x.png */,
				DD667674161BC9E400C73778 /* Default-568h@2x.png */,
			);
			name = "Supporting Files";
			sourceTree = "<group>";
		};
/* End PBXGroup section */

/* Begin PBXNativeTarget section */
		DD667659161BC9E400C73778 /* HelloCamera */ = {
			isa = PBXNativeTarget;
			buildConfigurationList = DD667681161BC9E400C73778 /* Build configuration list for PBXNativeTarget "HelloCamera" */;
			buildPhases = (
				DD667656161BC9E400C73778 /* Sources */,
				DD667657161BC9E400C73778 /* Frameworks */,
				DD667658161BC9E400C73778 /* Resources */,
			);
			buildRules = (
			);
			dependencies = (
			);
			name = HelloCamera;
			productName = HelloCamera;
			productReference = DD66765A161BC9E400C73778 /* HelloCamera.app */;
			productType = "com.apple.product-type.application";
		};
/* End PBXNativeTarget section */

/* Begin PBXProject section */
		DD667651161BC9E400C73778 /* Project object */ = {
			isa = PBXProject;
			attributes = {
				LastUpgradeCheck = 0450;
				ORGANIZATIONNAME = "Ricardo Lecheta";
			};
			buildConfigurationList = DD667654161BC9E400C73778 /* Build configuration list for PBXProject "HelloCamera" */;
			compatibilityVersion = "Xcode 3.2";
			developmentRegion = English;
			hasScannedForEncodings = 0;
			knownRegions = (
				en,
			);
			mainGroup = DD66764F161BC9E400C73778;
			productRefGroup = DD66765B161BC9E400C73778 /* Products */;
			projectDirPath = "";
			projectRoot = "";
			targets = (
				DD667659161BC9E400C73778 /* HelloCamera */,
			);
		};
/* End PBXProject section */

/* Begin PBXResourcesBuildPhase section */
		DD667658161BC9E400C73778 /* Resources */ = {
			isa = PBXResourcesBuildPhase;
			buildActionMask = 2147483647;
			files = (
				DD667669161BC9E400C73778 /* InfoPlist.strings in Resources */,
				DD667671161BC9E400C73778 /* Default.png in Resources */,
				DD667673161BC9E400C73778 /* Default@2x.png in Resources */,
				DD667675161BC9E400C73778 /* Default-568h@2x.png in Resources */,
				DD66767B161BC9E400C73778 /* ViewController_iPhone.xib in Resources */,
				DD66767E161BC9E400C73778 /* ViewController_iPad.xib in Resources */,
			);
			runOnlyForDeploymentPostprocessing = 0;
		};
/* End PBXResourcesBuildPhase section */

/* Begin PBXSourcesBuildPhase section */
		DD667656161BC9E400C73778 /* Sources */ = {
			isa = PBXSourcesBuildPhase;
			buildActionMask = 2147483647;
			files = (
				DD66766B161BC9E400C73778 /* main.m in Sources */,
				DD66766F161BC9E400C73778 /* AppDelegate.m in Sources */,
				DD667678161BC9E400C73778 /* ViewController.m in Sources */,
			);
			runOnlyForDeploymentPostprocessing = 0;
		};
/* End PBXSourcesBuildPhase section */

/* Begin PBXVariantGroup section */
		DD667667161BC9E400C73778 /* InfoPlist.strings */ = {
			isa = PBXVariantGroup;
			children = (
				DD667668161BC9E400C73778 /* en */,
			);
			name = InfoPlist.strings;
			sourceTree = "<group>";
		};
		DD667679161BC9E400C73778 /* ViewController_iPhone.xib */ = {
			isa = PBXVariantGroup;
			children = (
				DD66767A161BC9E400C73778 /* en */,
			);
			name = ViewController_iPhone.xib;
			sourceTree = "<group>";
		};
		DD66767C161BC9E400C73778 /* ViewController_iPad.xib */ = {
			isa = PBXVariantGroup;
			children = (
				DD66767D161BC9E400C73778 /* en */,
			);
			name = ViewController_iPad.xib;
			sourceTree = "<group>";
		};
/* End PBXVariantGroup section */

/* Begin XCBuildConfiguration section */
		DD66767F161BC9E400C73778 /* Debug */ = {
			isa = XCBuildConfiguration;
			buildSettings = {
				ALWAYS_SEARCH_USER_PATHS = NO;
				CLANG_CXX_LANGUAGE_STANDARD = "gnu++0x";
				CLANG_CXX_LIBRARY = "libc++";
				CLANG_WARN_EMPTY_BODY = YES;
				CLANG_WARN__DUPLICATE_METHOD_MATCH = YES;
				"CODE_SIGN_IDENTITY[sdk=iphoneos*]" = "iPhone Developer";
				COPY_PHASE_STRIP = NO;
				GCC_C_LANGUAGE_STANDARD = gnu99;
				GCC_DYNAMIC_NO_PIC = NO;
				GCC_OPTIMIZATION_LEVEL = 0;
				GCC_PREPROCESSOR_DEFINITIONS = (
					"DEBUG=1",
					"$(inherited)",
				);
				GCC_SYMBOLS_PRIVATE_EXTERN = NO;
				GCC_WARN_ABOUT_RETURN_TYPE = YES;
				GCC_WARN_UNINITIALIZED_AUTOS = YES;
				GCC_WARN_UNUSED_VARIABLE = YES;
				IPHONEOS_DEPLOYMENT_TARGET = 6.0;
				SDKROOT = iphoneos;
				TARGETED_DEVICE_FAMILY = "1,2";
			};
			name = Debug;
		};
		DD667680161BC9E400C73778 /* Release */ = {
			isa = XCBuildConfiguration;
			buildSettings = {
				ALWAYS_SEARCH_USER_PATHS = NO;
				CLANG_CXX_LANGUAGE_STANDARD = "gnu++0x";
				CLANG_CXX_LIBRARY = "libc++";
				CLANG_WARN_EMPTY_BODY = YES;
				CLANG_WARN__DUPLICATE_METHOD_MATCH = YES;
				"CODE_SIGN_IDENTITY[sdk=iphoneos*]" = "iPhone Developer";
				COPY_PHASE_STRIP = YES;
				GCC_C_LANGUAGE_STANDARD = gnu99;
				GCC_WARN_ABOUT_RETURN_TYPE = YES;
				GCC_WARN_UNINITIALIZED_AUTOS = YES;
				GCC_WARN_UNUSED_VARIABLE = YES;
				IPHONEOS_DEPLOYMENT_TARGET = 6.0;
				OTHER_CFLAGS = "-DNS_BLOCK_ASSERTIONS=1";
				SDKROOT = iphoneos;
				TARGETED_DEVICE_FAMILY = "1,2";
				VALIDATE_PRODUCT = YES;
			};
			name = Release;
		};
		DD667682161BC9E400C73778 /* Debug */ = {
			isa = XCBuildConfiguration;
			buildSettings = {
				CODE_SIGN_IDENTITY = "iPhone Developer: Ricardo Lecheta (7BEFGQZ9KS)";
				GCC_PRECOMPILE_PREFIX_HEADER = YES;
				GCC_PREFIX_HEADER = "HelloCamera/HelloCamera-Prefix.pch";
				INFOPLIST_FILE = "HelloCamera/HelloCamera-Info.plist";
				IPHONEOS_DEPLOYMENT_TARGET = 5.1;
				PRODUCT_NAME = "$(TARGET_NAME)";
				PROVISIONING_PROFILE = "DC535D5E-19D9-414E-8370-6AC173A54F22";
				WRAPPER_EXTENSION = app;
			};
			name = Debug;
		};
		DD667683161BC9E400C73778 /* Release */ = {
			isa = XCBuildConfiguration;
			buildSettings = {
				CODE_SIGN_IDENTITY = "iPhone Developer: Ricardo Lecheta (7BEFGQZ9KS)";
				GCC_PRECOMPILE_PREFIX_HEADER = YES;
				GCC_PREFIX_HEADER = "HelloCamera/HelloCamera-Prefix.pch";
				INFOPLIST_FILE = "HelloCamera/HelloCamera-Info.plist";
				IPHONEOS_DEPLOYMENT_TARGET = 5.1;
				PRODUCT_NAME = "$(TARGET_NAME)";
				PROVISIONING_PROFILE = "DC535D5E-19D9-414E-8370-6AC173A54F22";
				WRAPPER_EXTENSION = app;
			};
			name = Release;
		};
/* End XCBuildConfiguration section */

/* Begin XCConfigurationList section */
		DD667654161BC9E400C73778 /* Build configuration list for PBXProject "HelloCamera" */ = {
			isa = XCConfigurationList;
			buildConfigurations = (
				DD66767F161BC9E400C73778 /* Debug */,
				DD667680161BC9E400C73778 /* Release */,
			);
			defaultConfigurationIsVisible = 0;
			defaultConfigurationName = Release;
		};
		DD667681161BC9E400C73778 /* Build configuration list for PBXNativeTarget "HelloCamera" */ = {
			isa = XCConfigurationList;
			buildConfigurations = (
				DD667682161BC9E400C73778 /* Debug */,
				DD667683161BC9E400C73778 /* Release */,
			);
			defaultConfigurationIsVisible = 0;
			defaultConfigurationName = Release;
		};
/* End XCConfigurationList section */
	};
	rootObject = DD667651161BC9E400C73778 /* Project object */;
}
