// !$*UTF8*$!
{
	archiveVersion = 1;
	classes = {
	};
	objectVersion = 46;
	objects = {

/* Begin PBXBuildFile section */
		DD42B7C915F2ABA100405454 /* UIKit.framework in Frameworks */ = {isa = PBXBuildFile; fileRef = DD42B7C815F2ABA100405454 /* UIKit.framework */; };
		DD42B7CB15F2ABA100405454 /* Foundation.framework in Frameworks */ = {isa = PBXBuildFile; fileRef = DD42B7CA15F2ABA100405454 /* Foundation.framework */; };
		DD42B7CD15F2ABA100405454 /* CoreGraphics.framework in Frameworks */ = {isa = PBXBuildFile; fileRef = DD42B7CC15F2ABA100405454 /* CoreGraphics.framework */; };
		DD42B7D315F2ABA100405454 /* InfoPlist.strings in Resources */ = {isa = PBXBuildFile; fileRef = DD42B7D115F2ABA100405454 /* InfoPlist.strings */; };
		DD42B7D515F2ABA100405454 /* main.m in Sources */ = {isa = PBXBuildFile; fileRef = DD42B7D415F2ABA100405454 /* main.m */; };
		DD42B7D915F2ABA100405454 /* AppDelegate.m in Sources */ = {isa = PBXBuildFile; fileRef = DD42B7D815F2ABA100405454 /* AppDelegate.m */; };
		DD42B7DC15F2ABA100405454 /* ViewController.m in Sources */ = {isa = PBXBuildFile; fileRef = DD42B7DB15F2ABA100405454 /* ViewController.m */; };
		DD42B7DF15F2ABA100405454 /* ViewController.xib in Resources */ = {isa = PBXBuildFile; fileRef = DD42B7DD15F2ABA100405454 /* ViewController.xib */; };
/* End PBXBuildFile section */

/* Begin PBXFileReference section */
		DD42B7C415F2ABA100405454 /* ExemploBlocos.app */ = {isa = PBXFileReference; explicitFileType = wrapper.application; includeInIndex = 0; path = ExemploBlocos.app; sourceTree = BUILT_PRODUCTS_DIR; };
		DD42B7C815F2ABA100405454 /* UIKit.framework */ = {isa = PBXFileReference; lastKnownFileType = wrapper.framework; name = UIKit.framework; path = System/Library/Frameworks/UIKit.framework; sourceTree = SDKROOT; };
		DD42B7CA15F2ABA100405454 /* Foundation.framework */ = {isa = PBXFileReference; lastKnownFileType = wrapper.framework; name = Foundation.framework; path = System/Library/Frameworks/Foundation.framework; sourceTree = SDKROOT; };
		DD42B7CC15F2ABA100405454 /* CoreGraphics.framework */ = {isa = PBXFileReference; lastKnownFileType = wrapper.framework; name = CoreGraphics.framework; path = System/Library/Frameworks/CoreGraphics.framework; sourceTree = SDKROOT; };
		DD42B7D015F2ABA100405454 /* ExemploBlocos-Info.plist */ = {isa = PBXFileReference; lastKnownFileType = text.plist.xml; path = "ExemploBlocos-Info.plist"; sourceTree = "<group>"; };
		DD42B7D215F2ABA100405454 /* en */ = {isa = PBXFileReference; lastKnownFileType = text.plist.strings; name = en; path = en.lproj/InfoPlist.strings; sourceTree = "<group>"; };
		DD42B7D415F2ABA100405454 /* main.m */ = {isa = PBXFileReference; lastKnownFileType = sourcecode.c.objc; path = main.m; sourceTree = "<group>"; };
		DD42B7D615F2ABA100405454 /* ExemploBlocos-Prefix.pch */ = {isa = PBXFileReference; lastKnownFileType = sourcecode.c.h; path = "ExemploBlocos-Prefix.pch"; sourceTree = "<group>"; };
		DD42B7D715F2ABA100405454 /* AppDelegate.h */ = {isa = PBXFileReference; lastKnownFileType = sourcecode.c.h; path = AppDelegate.h; sourceTree = "<group>"; };
		DD42B7D815F2ABA100405454 /* AppDelegate.m */ = {isa = PBXFileReference; lastKnownFileType = sourcecode.c.objc; path = AppDelegate.m; sourceTree = "<group>"; };
		DD42B7DA15F2ABA100405454 /* ViewController.h */ = {isa = PBXFileReference; lastKnownFileType = sourcecode.c.h; path = ViewController.h; sourceTree = "<group>"; };
		DD42B7DB15F2ABA100405454 /* ViewController.m */ = {isa = PBXFileReference; lastKnownFileType = sourcecode.c.objc; path = ViewController.m; sourceTree = "<group>"; };
		DD42B7DE15F2ABA100405454 /* en */ = {isa = PBXFileReference; lastKnownFileType = file.xib; name = en; path = en.lproj/ViewController.xib; sourceTree = "<group>"; };
/* End PBXFileReference section */

/* Begin PBXFrameworksBuildPhase section */
		DD42B7C115F2ABA100405454 /* Frameworks */ = {
			isa = PBXFrameworksBuildPhase;
			buildActionMask = 2147483647;
			files = (
				DD42B7C915F2ABA100405454 /* UIKit.framework in Frameworks */,
				DD42B7CB15F2ABA100405454 /* Foundation.framework in Frameworks */,
				DD42B7CD15F2ABA100405454 /* CoreGraphics.framework in Frameworks */,
			);
			runOnlyForDeploymentPostprocessing = 0;
		};
/* End PBXFrameworksBuildPhase section */

/* Begin PBXGroup section */
		DD42B7B915F2ABA100405454 = {
			isa = PBXGroup;
			children = (
				DD42B7CE15F2ABA100405454 /* ExemploBlocos */,
				DD42B7C715F2ABA100405454 /* Frameworks */,
				DD42B7C515F2ABA100405454 /* Products */,
			);
			sourceTree = "<group>";
		};
		DD42B7C515F2ABA100405454 /* Products */ = {
			isa = PBXGroup;
			children = (
				DD42B7C415F2ABA100405454 /* ExemploBlocos.app */,
			);
			name = Products;
			sourceTree = "<group>";
		};
		DD42B7C715F2ABA100405454 /* Frameworks */ = {
			isa = PBXGroup;
			children = (
				DD42B7C815F2ABA100405454 /* UIKit.framework */,
				DD42B7CA15F2ABA100405454 /* Foundation.framework */,
				DD42B7CC15F2ABA100405454 /* CoreGraphics.framework */,
			);
			name = Frameworks;
			sourceTree = "<group>";
		};
		DD42B7CE15F2ABA100405454 /* ExemploBlocos */ = {
			isa = PBXGroup;
			children = (
				DD42B7D715F2ABA100405454 /* AppDelegate.h */,
				DD42B7D815F2ABA100405454 /* AppDelegate.m */,
				DD42B7DA15F2ABA100405454 /* ViewController.h */,
				DD42B7DB15F2ABA100405454 /* ViewController.m */,
				DD42B7DD15F2ABA100405454 /* ViewController.xib */,
				DD42B7CF15F2ABA100405454 /* Supporting Files */,
			);
			path = ExemploBlocos;
			sourceTree = "<group>";
		};
		DD42B7CF15F2ABA100405454 /* Supporting Files */ = {
			isa = PBXGroup;
			children = (
				DD42B7D015F2ABA100405454 /* ExemploBlocos-Info.plist */,
				DD42B7D115F2ABA100405454 /* InfoPlist.strings */,
				DD42B7D415F2ABA100405454 /* main.m */,
				DD42B7D615F2ABA100405454 /* ExemploBlocos-Prefix.pch */,
			);
			name = "Supporting Files";
			sourceTree = "<group>";
		};
/* End PBXGroup section */

/* Begin PBXNativeTarget section */
		DD42B7C315F2ABA100405454 /* ExemploBlocos */ = {
			isa = PBXNativeTarget;
			buildConfigurationList = DD42B7E215F2ABA100405454 /* Build configuration list for PBXNativeTarget "ExemploBlocos" */;
			buildPhases = (
				DD42B7C015F2ABA100405454 /* Sources */,
				DD42B7C115F2ABA100405454 /* Frameworks */,
				DD42B7C215F2ABA100405454 /* Resources */,
			);
			buildRules = (
			);
			dependencies = (
			);
			name = ExemploBlocos;
			productName = ExemploBlocos;
			productReference = DD42B7C415F2ABA100405454 /* ExemploBlocos.app */;
			productType = "com.apple.product-type.application";
		};
/* End PBXNativeTarget section */

/* Begin PBXProject section */
		DD42B7BB15F2ABA100405454 /* Project object */ = {
			isa = PBXProject;
			attributes = {
				LastUpgradeCheck = 0440;
				ORGANIZATIONNAME = "Ricardo Lecheta";
			};
			buildConfigurationList = DD42B7BE15F2ABA100405454 /* Build configuration list for PBXProject "ExemploBlocos" */;
			compatibilityVersion = "Xcode 3.2";
			developmentRegion = English;
			hasScannedForEncodings = 0;
			knownRegions = (
				en,
			);
			mainGroup = DD42B7B915F2ABA100405454;
			productRefGroup = DD42B7C515F2ABA100405454 /* Products */;
			projectDirPath = "";
			projectRoot = "";
			targets = (
				DD42B7C315F2ABA100405454 /* ExemploBlocos */,
			);
		};
/* End PBXProject section */

/* Begin PBXResourcesBuildPhase section */
		DD42B7C215F2ABA100405454 /* Resources */ = {
			isa = PBXResourcesBuildPhase;
			buildActionMask = 2147483647;
			files = (
				DD42B7D315F2ABA100405454 /* InfoPlist.strings in Resources */,
				DD42B7DF15F2ABA100405454 /* ViewController.xib in Resources */,
			);
			runOnlyForDeploymentPostprocessing = 0;
		};
/* End PBXResourcesBuildPhase section */

/* Begin PBXSourcesBuildPhase section */
		DD42B7C015F2ABA100405454 /* Sources */ = {
			isa = PBXSourcesBuildPhase;
			buildActionMask = 2147483647;
			files = (
				DD42B7D515F2ABA100405454 /* main.m in Sources */,
				DD42B7D915F2ABA100405454 /* AppDelegate.m in Sources */,
				DD42B7DC15F2ABA100405454 /* ViewController.m in Sources */,
			);
			runOnlyForDeploymentPostprocessing = 0;
		};
/* End PBXSourcesBuildPhase section */

/* Begin PBXVariantGroup section */
		DD42B7D115F2ABA100405454 /* InfoPlist.strings */ = {
			isa = PBXVariantGroup;
			children = (
				DD42B7D215F2ABA100405454 /* en */,
			);
			name = InfoPlist.strings;
			sourceTree = "<group>";
		};
		DD42B7DD15F2ABA100405454 /* ViewController.xib */ = {
			isa = PBXVariantGroup;
			children = (
				DD42B7DE15F2ABA100405454 /* en */,
			);
			name = ViewController.xib;
			sourceTree = "<group>";
		};
/* End PBXVariantGroup section */

/* Begin XCBuildConfiguration section */
		DD42B7E015F2ABA100405454 /* Debug */ = {
			isa = XCBuildConfiguration;
			buildSettings = {
				ALWAYS_SEARCH_USER_PATHS = NO;
				ARCHS = "$(ARCHS_STANDARD_32_BIT)";
				CLANG_CXX_LANGUAGE_STANDARD = "gnu++0x";
				CLANG_WARN__DUPLICATE_METHOD_MATCH = YES;
				"CODE_SIGN_IDENTITY[sdk=iphoneos*]" = "iPhone Developer";
				COPY_PHASE_STRIP = NO;
				GCC_C_LANGUAGE_STANDARD = gnu99;
				GCC_DYNAMIC_NO_PIC = NO;
				GCC_OPTIMIZATION_LEVEL = 0;
				GCC_PREPROCESSOR_DEFINITIONS = (
					"DEBUG=1",
					"$(inherited)",
				);
				GCC_SYMBOLS_PRIVATE_EXTERN = NO;
				GCC_VERSION = com.apple.compilers.llvm.clang.1_0;
				GCC_WARN_ABOUT_RETURN_TYPE = YES;
				GCC_WARN_UNINITIALIZED_AUTOS = YES;
				GCC_WARN_UNUSED_VARIABLE = YES;
				IPHONEOS_DEPLOYMENT_TARGET = 5.1;
				SDKROOT = iphoneos;
			};
			name = Debug;
		};
		DD42B7E115F2ABA100405454 /* Release */ = {
			isa = XCBuildConfiguration;
			buildSettings = {
				ALWAYS_SEARCH_USER_PATHS = NO;
				ARCHS = "$(ARCHS_STANDARD_32_BIT)";
				CLANG_CXX_LANGUAGE_STANDARD = "gnu++0x";
				CLANG_WARN__DUPLICATE_METHOD_MATCH = YES;
				"CODE_SIGN_IDENTITY[sdk=iphoneos*]" = "iPhone Developer";
				COPY_PHASE_STRIP = YES;
				GCC_C_LANGUAGE_STANDARD = gnu99;
				GCC_VERSION = com.apple.compilers.llvm.clang.1_0;
				GCC_WARN_ABOUT_RETURN_TYPE = YES;
				GCC_WARN_UNINITIALIZED_AUTOS = YES;
				GCC_WARN_UNUSED_VARIABLE = YES;
				IPHONEOS_DEPLOYMENT_TARGET = 5.1;
				OTHER_CFLAGS = "-DNS_BLOCK_ASSERTIONS=1";
				SDKROOT = iphoneos;
				VALIDATE_PRODUCT = YES;
			};
			name = Release;
		};
		DD42B7E315F2ABA100405454 /* Debug */ = {
			isa = XCBuildConfiguration;
			buildSettings = {
				GCC_PRECOMPILE_PREFIX_HEADER = YES;
				GCC_PREFIX_HEADER = "ExemploBlocos/ExemploBlocos-Prefix.pch";
				INFOPLIST_FILE = "ExemploBlocos/ExemploBlocos-Info.plist";
				PRODUCT_NAME = "$(TARGET_NAME)";
				WRAPPER_EXTENSION = app;
			};
			name = Debug;
		};
		DD42B7E415F2ABA100405454 /* Release */ = {
			isa = XCBuildConfiguration;
			buildSettings = {
				GCC_PRECOMPILE_PREFIX_HEADER = YES;
				GCC_PREFIX_HEADER = "ExemploBlocos/ExemploBlocos-Prefix.pch";
				INFOPLIST_FILE = "ExemploBlocos/ExemploBlocos-Info.plist";
				PRODUCT_NAME = "$(TARGET_NAME)";
				WRAPPER_EXTENSION = app;
			};
			name = Release;
		};
/* End XCBuildConfiguration section */

/* Begin XCConfigurationList section */
		DD42B7BE15F2ABA100405454 /* Build configuration list for PBXProject "ExemploBlocos" */ = {
			isa = XCConfigurationList;
			buildConfigurations = (
				DD42B7E015F2ABA100405454 /* Debug */,
				DD42B7E115F2ABA100405454 /* Release */,
			);
			defaultConfigurationIsVisible = 0;
			defaultConfigurationName = Release;
		};
		DD42B7E215F2ABA100405454 /* Build configuration list for PBXNativeTarget "ExemploBlocos" */ = {
			isa = XCConfigurationList;
			buildConfigurations = (
				DD42B7E315F2ABA100405454 /* Debug */,
				DD42B7E415F2ABA100405454 /* Release */,
			);
			defaultConfigurationIsVisible = 0;
		};
/* End XCConfigurationList section */
	};
	rootObject = DD42B7BB15F2ABA100405454 /* Project object */;
}
